PODS:
  - Alamofire (4.9.1)
  - PromiseKit (4.5.2):
    - PromiseKit/Foundation (= 4.5.2)
    - PromiseKit/QuartzCore (= 4.5.2)
    - PromiseKit/UIKit (= 4.5.2)
  - PromiseKit/CoreLocation (4.5.2):
    - PromiseKit/CorePromise
  - PromiseKit/CorePromise (4.5.2)
  - PromiseKit/Foundation (4.5.2):
    - PromiseKit/CorePromise
  - PromiseKit/MapKit (4.5.2):
    - PromiseKit/CorePromise
  - PromiseKit/QuartzCore (4.5.2):
    - PromiseKit/CorePromise
  - PromiseKit/UIKit (4.5.2):
    - PromiseKit/CorePromise
  - ReverseExtension (0.6.0)
  - SnapKit (4.0.1)
  - Toolbar (0.6.1)

DEPENDENCIES:
  - Alamofire (~> 4.5)
  - PromiseKit (~> 4.4)
  - PromiseKit/CoreLocation
  - PromiseKit/MapKit
  - ReverseExtension
  - SnapKit (~> 4.0.0)
  - Toolbar

SPEC REPOS:
  https://github.com/CocoaPods/Specs.git:
    - Alamofire
    - PromiseKit
    - ReverseExtension
    - SnapKit
    - Toolbar

SPEC CHECKSUMS:
  Alamofire: 85e8a02c69d6020a0d734f6054870d7ecb75cf18
  PromiseKit: 743e497a5f505a470d3bbbf4ce0663c1268af0a4
  ReverseExtension: 5c7ca8c165f47e9bde8e26084d5e7bf21ad4f5a6
  SnapKit: 0de968a9fec17499afa29683b05d0c775b6d1c29
  Toolbar: 49165b7511132c7faee4883ad4f40ad5e8945225

PODFILE CHECKSUM: cc31e86245a1274a230db82e336e213f86f9fe0f

COCOAPODS: 1.11.2
